
Microsoft Visual Studio Solution File, Format Version 12.00
# Visual Studio Version 16
VisualStudioVersion = 16.0.32228.343
MinimumVisualStudioVersion = 10.0.40219.1
Project("{FAE04EC0-301F-11D3-BF4B-00C04F79EFBC}") = "Web1_lab", "Web1_lab.csproj", "{01473961-8B65-474A-BD1F-D7ED3A8F7A23}"
EndProject
Global
	GlobalSection(SolutionConfigurationPlatforms) = preSolution
		Debug|Any CPU = Debug|Any CPU
		Release|Any CPU = Release|Any CPU
	EndGlobalSection
	GlobalSection(ProjectConfigurationPlatforms) = postSolution
		{01473961-8B65-474A-BD1F-D7ED3A8F7A23}.Debug|Any CPU.ActiveCfg = Debug|Any CPU
		{01473961-8B65-474A-BD1F-D7ED3A8F7A23}.Debug|Any CPU.Build.0 = Debug|Any CPU
		{01473961-8B65-474A-BD1F-D7ED3A8F7A23}.Release|Any CPU.ActiveCfg = Release|Any CPU
		{01473961-8B65-474A-BD1F-D7ED3A8F7A23}.Release|Any CPU.Build.0 = Release|Any CPU
	EndGlobalSection
	GlobalSection(SolutionProperties) = preSolution
		HideSolutionNode = FALSE
	EndGlobalSection
	GlobalSection(ExtensibilityGlobals) = postSolution
		SolutionGuid = {F56C68A0-78BE-4339-AF8C-552577C5C8B1}
	EndGlobalSection
EndGlobal
